
Microsoft Visual Studio Solution File, Format Version 12.00
# Visual Studio 15
VisualStudioVersion = 15.0.28307.902
MinimumVisualStudioVersion = 10.0.40219.1
Project("{FAE04EC0-301F-11D3-BF4B-00C04F79EFBC}") = "DAL", "DAL\DAL.csproj", "{03909BA9-6946-4D01-B3B4-D03D278480A6}"
EndProject
Project("{FAE04EC0-301F-11D3-BF4B-00C04F79EFBC}") = "BLL", "BLL\BLL.csproj", "{422FE86B-3E12-4868-BA71-954E7C925A45}"
EndProject
Project("{FAE04EC0-301F-11D3-BF4B-00C04F79EFBC}") = "API", "API\API.csproj", "{E3F2AB85-A394-475C-8C57-9B275533FB4A}"
EndProject
Project("{FAE04EC0-301F-11D3-BF4B-00C04F79EFBC}") = "API.Tests", "API.Tests\API.Tests.csproj", "{ABF200B2-3F59-45FC-820C-689E0C2AB919}"
EndProject
Global
	GlobalSection(SolutionConfigurationPlatforms) = preSolution
		Debug|Any CPU = Debug|Any CPU
		Release|Any CPU = Release|Any CPU
	EndGlobalSection
	GlobalSection(ProjectConfigurationPlatforms) = postSolution
		{03909BA9-6946-4D01-B3B4-D03D278480A6}.Debug|Any CPU.ActiveCfg = Debug|Any CPU
		{03909BA9-6946-4D01-B3B4-D03D278480A6}.Debug|Any CPU.Build.0 = Debug|Any CPU
		{03909BA9-6946-4D01-B3B4-D03D278480A6}.Release|Any CPU.ActiveCfg = Release|Any CPU
		{03909BA9-6946-4D01-B3B4-D03D278480A6}.Release|Any CPU.Build.0 = Release|Any CPU
		{422FE86B-3E12-4868-BA71-954E7C925A45}.Debug|Any CPU.ActiveCfg = Debug|Any CPU
		{422FE86B-3E12-4868-BA71-954E7C925A45}.Debug|Any CPU.Build.0 = Debug|Any CPU
		{422FE86B-3E12-4868-BA71-954E7C925A45}.Release|Any CPU.ActiveCfg = Release|Any CPU
		{422FE86B-3E12-4868-BA71-954E7C925A45}.Release|Any CPU.Build.0 = Release|Any CPU
		{E3F2AB85-A394-475C-8C57-9B275533FB4A}.Debug|Any CPU.ActiveCfg = Debug|Any CPU
		{E3F2AB85-A394-475C-8C57-9B275533FB4A}.Debug|Any CPU.Build.0 = Debug|Any CPU
		{E3F2AB85-A394-475C-8C57-9B275533FB4A}.Release|Any CPU.ActiveCfg = Release|Any CPU
		{E3F2AB85-A394-475C-8C57-9B275533FB4A}.Release|Any CPU.Build.0 = Release|Any CPU
		{ABF200B2-3F59-45FC-820C-689E0C2AB919}.Debug|Any CPU.ActiveCfg = Debug|Any CPU
		{ABF200B2-3F59-45FC-820C-689E0C2AB919}.Debug|Any CPU.Build.0 = Debug|Any CPU
		{ABF200B2-3F59-45FC-820C-689E0C2AB919}.Release|Any CPU.ActiveCfg = Release|Any CPU
		{ABF200B2-3F59-45FC-820C-689E0C2AB919}.Release|Any CPU.Build.0 = Release|Any CPU
	EndGlobalSection
	GlobalSection(SolutionProperties) = preSolution
		HideSolutionNode = FALSE
	EndGlobalSection
	GlobalSection(ExtensibilityGlobals) = postSolution
		SolutionGuid = {5E599170-0C11-4CA3-A7D7-26EA5039485C}
	EndGlobalSection
EndGlobal
